<?xml version="1.0" encoding="utf-8"?>
<!-- Generated by GENie https://github.com/bkaradzic/GENie -->
<Project ToolsVersion="16.0" xmlns="http://schemas.microsoft.com/developer/msbuild/2003">
  <ItemGroup>
    <Filter Include="src">
      <UniqueIdentifier>{2DAB880B-99B4-887C-2230-9F7C8E38947C}</UniqueIdentifier>
    </Filter>
    <Filter Include="etc">
      <UniqueIdentifier>{E16F880B-4D79-887C-D6F4-9E7C42FD937C}</UniqueIdentifier>
    </Filter>
  </ItemGroup>
  <ItemGroup>
    <ClInclude Include="..\src\common.h">
      <Filter>src</Filter>
    </ClInclude>
  </ItemGroup>
  <ItemGroup>
    <ClCompile Include="..\src\bandwidth.c">
      <Filter>src</Filter>
    </ClCompile>
    <ClCompile Include="..\src\divert.c">
      <Filter>src</Filter>
    </ClCompile>
    <ClCompile Include="..\src\drop.c">
      <Filter>src</Filter>
    </ClCompile>
    <ClCompile Include="..\src\duplicate.c">
      <Filter>src</Filter>
    </ClCompile>
    <ClCompile Include="..\src\elevate.c">
      <Filter>src</Filter>
    </ClCompile>
    <ClCompile Include="..\src\lag.c">
      <Filter>src</Filter>
    </ClCompile>
    <ClCompile Include="..\src\main.c">
      <Filter>src</Filter>
    </ClCompile>
    <ClCompile Include="..\src\ood.c">
      <Filter>src</Filter>
    </ClCompile>
    <ClCompile Include="..\src\packet.c">
      <Filter>src</Filter>
    </ClCompile>
    <ClCompile Include="..\src\reset.c">
      <Filter>src</Filter>
    </ClCompile>
    <ClCompile Include="..\src\tamper.c">
      <Filter>src</Filter>
    </ClCompile>
    <ClCompile Include="..\src\throttle.c">
      <Filter>src</Filter>
    </ClCompile>
    <ClCompile Include="..\src\utils.c">
      <Filter>src</Filter>
    </ClCompile>
  </ItemGroup>
  <ItemGroup>
    <ResourceCompile Include="..\etc\clumsy.rc">
      <Filter>etc</Filter>
    </ResourceCompile>
  </ItemGroup>
</Project>
